// !$*UTF8*$!
{
	archiveVersion = 1;
	classes = {
	};
	objectVersion = 50;
	objects = {

/* Begin PBXBuildFile section */
		29EEEAFE246483D900A9B5C6 /* AppDelegate.m in Sources */ = {isa = PBXBuildFile; fileRef = 29EEEAFD246483D900A9B5C6 /* AppDelegate.m */; };
		29EEEB01246483D900A9B5C6 /* SceneDelegate.m in Sources */ = {isa = PBXBuildFile; fileRef = 29EEEB00246483D900A9B5C6 /* SceneDelegate.m */; };
		29EEEB07246483D900A9B5C6 /* Main.storyboard in Resources */ = {isa = PBXBuildFile; fileRef = 29EEEB05246483D900A9B5C6 /* Main.storyboard */; };
		29EEEB09246483DB00A9B5C6 /* Assets.xcassets in Resources */ = {isa = PBXBuildFile; fileRef = 29EEEB08246483DB00A9B5C6 /* Assets.xcassets */; };
		29EEEB0C246483DB00A9B5C6 /* LaunchScreen.storyboard in Resources */ = {isa = PBXBuildFile; fileRef = 29EEEB0A246483DB00A9B5C6 /* LaunchScreen.storyboard */; };
		29EEEB0F246483DB00A9B5C6 /* main.m in Sources */ = {isa = PBXBuildFile; fileRef = 29EEEB0E246483DB00A9B5C6 /* main.m */; };
		29EEEB1E2464A15500A9B5C6 /* LIDCharacters.m in Sources */ = {isa = PBXBuildFile; fileRef = 29EEEB1D2464A15500A9B5C6 /* LIDCharacters.m */; };
		29EEEB212464A17100A9B5C6 /* LIDMoves.m in Sources */ = {isa = PBXBuildFile; fileRef = 29EEEB202464A17100A9B5C6 /* LIDMoves.m */; };
		29EEEB242464AABD00A9B5C6 /* LIDCharacterController.m in Sources */ = {isa = PBXBuildFile; fileRef = 29EEEB232464AABD00A9B5C6 /* LIDCharacterController.m */; };
		29EEEB272464B40C00A9B5C6 /* LIDCharactersTableViewController.swift in Sources */ = {isa = PBXBuildFile; fileRef = 29EEEB262464B40C00A9B5C6 /* LIDCharactersTableViewController.swift */; };
		29EEEB292464B58C00A9B5C6 /* LIDMovesListTableViewController.swift in Sources */ = {isa = PBXBuildFile; fileRef = 29EEEB282464B58C00A9B5C6 /* LIDMovesListTableViewController.swift */; };
		29EEEB2C2464B67F00A9B5C6 /* LIDCharacterTableViewCell.swift in Sources */ = {isa = PBXBuildFile; fileRef = 29EEEB2B2464B67F00A9B5C6 /* LIDCharacterTableViewCell.swift */; };
/* End PBXBuildFile section */

/* Begin PBXFileReference section */
		29EEEAF9246483D900A9B5C6 /* SmashBrothers.app */ = {isa = PBXFileReference; explicitFileType = wrapper.application; includeInIndex = 0; path = SmashBrothers.app; sourceTree = BUILT_PRODUCTS_DIR; };
		29EEEAFC246483D900A9B5C6 /* AppDelegate.h */ = {isa = PBXFileReference; lastKnownFileType = sourcecode.c.h; path = AppDelegate.h; sourceTree = "<group>"; };
		29EEEAFD246483D900A9B5C6 /* AppDelegate.m */ = {isa = PBXFileReference; lastKnownFileType = sourcecode.c.objc; path = AppDelegate.m; sourceTree = "<group>"; };
		29EEEAFF246483D900A9B5C6 /* SceneDelegate.h */ = {isa = PBXFileReference; lastKnownFileType = sourcecode.c.h; path = SceneDelegate.h; sourceTree = "<group>"; };
		29EEEB00246483D900A9B5C6 /* SceneDelegate.m */ = {isa = PBXFileReference; lastKnownFileType = sourcecode.c.objc; path = SceneDelegate.m; sourceTree = "<group>"; };
		29EEEB06246483D900A9B5C6 /* Base */ = {isa = PBXFileReference; lastKnownFileType = file.storyboard; name = Base; path = Base.lproj/Main.storyboard; sourceTree = "<group>"; };
		29EEEB08246483DB00A9B5C6 /* Assets.xcassets */ = {isa = PBXFileReference; lastKnownFileType = folder.assetcatalog; path = Assets.xcassets; sourceTree = "<group>"; };
		29EEEB0B246483DB00A9B5C6 /* Base */ = {isa = PBXFileReference; lastKnownFileType = file.storyboard; name = Base; path = Base.lproj/LaunchScreen.storyboard; sourceTree = "<group>"; };
		29EEEB0D246483DB00A9B5C6 /* Info.plist */ = {isa = PBXFileReference; lastKnownFileType = text.plist.xml; path = Info.plist; sourceTree = "<group>"; };
		29EEEB0E246483DB00A9B5C6 /* main.m */ = {isa = PBXFileReference; lastKnownFileType = sourcecode.c.objc; path = main.m; sourceTree = "<group>"; };
		29EEEB1C2464A15500A9B5C6 /* LIDCharacters.h */ = {isa = PBXFileReference; lastKnownFileType = sourcecode.c.h; path = LIDCharacters.h; sourceTree = "<group>"; };
		29EEEB1D2464A15500A9B5C6 /* LIDCharacters.m */ = {isa = PBXFileReference; lastKnownFileType = sourcecode.c.objc; path = LIDCharacters.m; sourceTree = "<group>"; };
		29EEEB1F2464A17100A9B5C6 /* LIDMoves.h */ = {isa = PBXFileReference; lastKnownFileType = sourcecode.c.h; path = LIDMoves.h; sourceTree = "<group>"; };
		29EEEB202464A17100A9B5C6 /* LIDMoves.m */ = {isa = PBXFileReference; lastKnownFileType = sourcecode.c.objc; path = LIDMoves.m; sourceTree = "<group>"; };
		29EEEB222464AABD00A9B5C6 /* LIDCharacterController.h */ = {isa = PBXFileReference; lastKnownFileType = sourcecode.c.h; path = LIDCharacterController.h; sourceTree = "<group>"; };
		29EEEB232464AABD00A9B5C6 /* LIDCharacterController.m */ = {isa = PBXFileReference; lastKnownFileType = sourcecode.c.objc; path = LIDCharacterController.m; sourceTree = "<group>"; };
		29EEEB252464B40C00A9B5C6 /* SmashBrothers-Bridging-Header.h */ = {isa = PBXFileReference; lastKnownFileType = sourcecode.c.h; path = "SmashBrothers-Bridging-Header.h"; sourceTree = "<group>"; };
		29EEEB262464B40C00A9B5C6 /* LIDCharactersTableViewController.swift */ = {isa = PBXFileReference; lastKnownFileType = sourcecode.swift; path = LIDCharactersTableViewController.swift; sourceTree = "<group>"; };
		29EEEB282464B58C00A9B5C6 /* LIDMovesListTableViewController.swift */ = {isa = PBXFileReference; lastKnownFileType = sourcecode.swift; path = LIDMovesListTableViewController.swift; sourceTree = "<group>"; };
		29EEEB2B2464B67F00A9B5C6 /* LIDCharacterTableViewCell.swift */ = {isa = PBXFileReference; lastKnownFileType = sourcecode.swift; path = LIDCharacterTableViewCell.swift; sourceTree = "<group>"; };
/* End PBXFileReference section */

/* Begin PBXFrameworksBuildPhase section */
		29EEEAF6246483D900A9B5C6 /* Frameworks */ = {
			isa = PBXFrameworksBuildPhase;
			buildActionMask = 2147483647;
			files = (
			);
			runOnlyForDeploymentPostprocessing = 0;
		};
/* End PBXFrameworksBuildPhase section */

/* Begin PBXGroup section */
		29EEEAF0246483D900A9B5C6 = {
			isa = PBXGroup;
			children = (
				29EEEAFB246483D900A9B5C6 /* SmashBrothers */,
				29EEEAFA246483D900A9B5C6 /* Products */,
			);
			sourceTree = "<group>";
		};
		29EEEAFA246483D900A9B5C6 /* Products */ = {
			isa = PBXGroup;
			children = (
				29EEEAF9246483D900A9B5C6 /* SmashBrothers.app */,
			);
			name = Products;
			sourceTree = "<group>";
		};
		29EEEAFB246483D900A9B5C6 /* SmashBrothers */ = {
			isa = PBXGroup;
			children = (
				29EEEB182464843400A9B5C6 /* Controllers */,
				29EEEB15246483FE00A9B5C6 /* Resources */,
				29EEEB162464842900A9B5C6 /* Storyboard */,
			);
			path = SmashBrothers;
			sourceTree = "<group>";
		};
		29EEEB15246483FE00A9B5C6 /* Resources */ = {
			isa = PBXGroup;
			children = (
				29EEEAFC246483D900A9B5C6 /* AppDelegate.h */,
				29EEEAFD246483D900A9B5C6 /* AppDelegate.m */,
				29EEEAFF246483D900A9B5C6 /* SceneDelegate.h */,
				29EEEB00246483D900A9B5C6 /* SceneDelegate.m */,
				29EEEB08246483DB00A9B5C6 /* Assets.xcassets */,
				29EEEB0A246483DB00A9B5C6 /* LaunchScreen.storyboard */,
				29EEEB0D246483DB00A9B5C6 /* Info.plist */,
				29EEEB0E246483DB00A9B5C6 /* main.m */,
			);
			path = Resources;
			sourceTree = "<group>";
		};
		29EEEB162464842900A9B5C6 /* Storyboard */ = {
			isa = PBXGroup;
			children = (
				29EEEB05246483D900A9B5C6 /* Main.storyboard */,
			);
			path = Storyboard;
			sourceTree = "<group>";
		};
		29EEEB182464843400A9B5C6 /* Controllers */ = {
			isa = PBXGroup;
			children = (
				29EEEB1A2464843C00A9B5C6 /* Model Controller */,
				29EEEB1B2464845F00A9B5C6 /* Model */,
				29EEEB192464843700A9B5C6 /* View Controller */,
			);
			path = Controllers;
			sourceTree = "<group>";
		};
		29EEEB192464843700A9B5C6 /* View Controller */ = {
			isa = PBXGroup;
			children = (
				29EEEB2A2464B67100A9B5C6 /* Custom Views */,
				29EEEB252464B40C00A9B5C6 /* SmashBrothers-Bridging-Header.h */,
				29EEEB262464B40C00A9B5C6 /* LIDCharactersTableViewController.swift */,
				29EEEB282464B58C00A9B5C6 /* LIDMovesListTableViewController.swift */,
			);
			path = "View Controller";
			sourceTree = "<group>";
		};
		29EEEB1A2464843C00A9B5C6 /* Model Controller */ = {
			isa = PBXGroup;
			children = (
				29EEEB222464AABD00A9B5C6 /* LIDCharacterController.h */,
				29EEEB232464AABD00A9B5C6 /* LIDCharacterController.m */,
			);
			path = "Model Controller";
			sourceTree = "<group>";
		};
		29EEEB1B2464845F00A9B5C6 /* Model */ = {
			isa = PBXGroup;
			children = (
				29EEEB1C2464A15500A9B5C6 /* LIDCharacters.h */,
				29EEEB1D2464A15500A9B5C6 /* LIDCharacters.m */,
				29EEEB1F2464A17100A9B5C6 /* LIDMoves.h */,
				29EEEB202464A17100A9B5C6 /* LIDMoves.m */,
			);
			path = Model;
			sourceTree = "<group>";
		};
		29EEEB2A2464B67100A9B5C6 /* Custom Views */ = {
			isa = PBXGroup;
			children = (
				29EEEB2B2464B67F00A9B5C6 /* LIDCharacterTableViewCell.swift */,
			);
			path = "Custom Views";
			sourceTree = "<group>";
		};
/* End PBXGroup section */

/* Begin PBXNativeTarget section */
		29EEEAF8246483D900A9B5C6 /* SmashBrothers */ = {
			isa = PBXNativeTarget;
			buildConfigurationList = 29EEEB12246483DB00A9B5C6 /* Build configuration list for PBXNativeTarget "SmashBrothers" */;
			buildPhases = (
				29EEEAF5246483D900A9B5C6 /* Sources */,
				29EEEAF6246483D900A9B5C6 /* Frameworks */,
				29EEEAF7246483D900A9B5C6 /* Resources */,
			);
			buildRules = (
			);
			dependencies = (
			);
			name = SmashBrothers;
			productName = SmashBrothers;
			productReference = 29EEEAF9246483D900A9B5C6 /* SmashBrothers.app */;
			productType = "com.apple.product-type.application";
		};
/* End PBXNativeTarget section */

/* Begin PBXProject section */
		29EEEAF1246483D900A9B5C6 /* Project object */ = {
			isa = PBXProject;
			attributes = {
				CLASSPREFIX = LID;
				LastUpgradeCheck = 1140;
				ORGANIZATIONNAME = "Leonardo Diaz";
				TargetAttributes = {
					29EEEAF8246483D900A9B5C6 = {
						CreatedOnToolsVersion = 11.4;
						LastSwiftMigration = 1140;
					};
				};
			};
			buildConfigurationList = 29EEEAF4246483D900A9B5C6 /* Build configuration list for PBXProject "SmashBrothers" */;
			compatibilityVersion = "Xcode 9.3";
			developmentRegion = en;
			hasScannedForEncodings = 0;
			knownRegions = (
				en,
				Base,
			);
			mainGroup = 29EEEAF0246483D900A9B5C6;
			productRefGroup = 29EEEAFA246483D900A9B5C6 /* Products */;
			projectDirPath = "";
			projectRoot = "";
			targets = (
				29EEEAF8246483D900A9B5C6 /* SmashBrothers */,
			);
		};
/* End PBXProject section */

/* Begin PBXResourcesBuildPhase section */
		29EEEAF7246483D900A9B5C6 /* Resources */ = {
			isa = PBXResourcesBuildPhase;
			buildActionMask = 2147483647;
			files = (
				29EEEB0C246483DB00A9B5C6 /* LaunchScreen.storyboard in Resources */,
				29EEEB09246483DB00A9B5C6 /* Assets.xcassets in Resources */,
				29EEEB07246483D900A9B5C6 /* Main.storyboard in Resources */,
			);
			runOnlyForDeploymentPostprocessing = 0;
		};
/* End PBXResourcesBuildPhase section */

/* Begin PBXSourcesBuildPhase section */
		29EEEAF5246483D900A9B5C6 /* Sources */ = {
			isa = PBXSourcesBuildPhase;
			buildActionMask = 2147483647;
			files = (
				29EEEB212464A17100A9B5C6 /* LIDMoves.m in Sources */,
				29EEEAFE246483D900A9B5C6 /* AppDelegate.m in Sources */,
				29EEEB0F246483DB00A9B5C6 /* main.m in Sources */,
				29EEEB272464B40C00A9B5C6 /* LIDCharactersTableViewController.swift in Sources */,
				29EEEB2C2464B67F00A9B5C6 /* LIDCharacterTableViewCell.swift in Sources */,
				29EEEB01246483D900A9B5C6 /* SceneDelegate.m in Sources */,
				29EEEB1E2464A15500A9B5C6 /* LIDCharacters.m in Sources */,
				29EEEB292464B58C00A9B5C6 /* LIDMovesListTableViewController.swift in Sources */,
				29EEEB242464AABD00A9B5C6 /* LIDCharacterController.m in Sources */,
			);
			runOnlyForDeploymentPostprocessing = 0;
		};
/* End PBXSourcesBuildPhase section */

/* Begin PBXVariantGroup section */
		29EEEB05246483D900A9B5C6 /* Main.storyboard */ = {
			isa = PBXVariantGroup;
			children = (
				29EEEB06246483D900A9B5C6 /* Base */,
			);
			name = Main.storyboard;
			sourceTree = "<group>";
		};
		29EEEB0A246483DB00A9B5C6 /* LaunchScreen.storyboard */ = {
			isa = PBXVariantGroup;
			children = (
				29EEEB0B246483DB00A9B5C6 /* Base */,
			);
			name = LaunchScreen.storyboard;
			sourceTree = "<group>";
		};
/* End PBXVariantGroup section */

/* Begin XCBuildConfiguration section */
		29EEEB10246483DB00A9B5C6 /* Debug */ = {
			isa = XCBuildConfiguration;
			buildSettings = {
				ALWAYS_SEARCH_USER_PATHS = NO;
				CLANG_ANALYZER_NONNULL = YES;
				CLANG_ANALYZER_NUMBER_OBJECT_CONVERSION = YES_AGGRESSIVE;
				CLANG_CXX_LANGUAGE_STANDARD = "gnu++14";
				CLANG_CXX_LIBRARY = "libc++";
				CLANG_ENABLE_MODULES = YES;
				CLANG_ENABLE_OBJC_ARC = YES;
				CLANG_ENABLE_OBJC_WEAK = YES;
				CLANG_WARN_BLOCK_CAPTURE_AUTORELEASING = YES;
				CLANG_WARN_BOOL_CONVERSION = YES;
				CLANG_WARN_COMMA = YES;
				CLANG_WARN_CONSTANT_CONVERSION = YES;
				CLANG_WARN_DEPRECATED_OBJC_IMPLEMENTATIONS = YES;
				CLANG_WARN_DIRECT_OBJC_ISA_USAGE = YES_ERROR;
				CLANG_WARN_DOCUMENTATION_COMMENTS = YES;
				CLANG_WARN_EMPTY_BODY = YES;
				CLANG_WARN_ENUM_CONVERSION = YES;
				CLANG_WARN_INFINITE_RECURSION = YES;
				CLANG_WARN_INT_CONVERSION = YES;
				CLANG_WARN_NON_LITERAL_NULL_CONVERSION = YES;
				CLANG_WARN_OBJC_IMPLICIT_RETAIN_SELF = YES;
				CLANG_WARN_OBJC_LITERAL_CONVERSION = YES;
				CLANG_WARN_OBJC_ROOT_CLASS = YES_ERROR;
				CLANG_WARN_RANGE_LOOP_ANALYSIS = YES;
				CLANG_WARN_STRICT_PROTOTYPES = YES;
				CLANG_WARN_SUSPICIOUS_MOVE = YES;
				CLANG_WARN_UNGUARDED_AVAILABILITY = YES_AGGRESSIVE;
				CLANG_WARN_UNREACHABLE_CODE = YES;
				CLANG_WARN__DUPLICATE_METHOD_MATCH = YES;
				COPY_PHASE_STRIP = NO;
				DEBUG_INFORMATION_FORMAT = dwarf;
				ENABLE_STRICT_OBJC_MSGSEND = YES;
				ENABLE_TESTABILITY = YES;
				GCC_C_LANGUAGE_STANDARD = gnu11;
				GCC_DYNAMIC_NO_PIC = NO;
				GCC_NO_COMMON_BLOCKS = YES;
				GCC_OPTIMIZATION_LEVEL = 0;
				GCC_PREPROCESSOR_DEFINITIONS = (
					"DEBUG=1",
					"$(inherited)",
				);
				GCC_WARN_64_TO_32_BIT_CONVERSION = YES;
				GCC_WARN_ABOUT_RETURN_TYPE = YES_ERROR;
				GCC_WARN_UNDECLARED_SELECTOR = YES;
				GCC_WARN_UNINITIALIZED_AUTOS = YES_AGGRESSIVE;
				GCC_WARN_UNUSED_FUNCTION = YES;
				GCC_WARN_UNUSED_VARIABLE = YES;
				IPHONEOS_DEPLOYMENT_TARGET = 13.4;
				MTL_ENABLE_DEBUG_INFO = INCLUDE_SOURCE;
				MTL_FAST_MATH = YES;
				ONLY_ACTIVE_ARCH = YES;
				SDKROOT = iphoneos;
			};
			name = Debug;
		};
		29EEEB11246483DB00A9B5C6 /* Release */ = {
			isa = XCBuildConfiguration;
			buildSettings = {
				ALWAYS_SEARCH_USER_PATHS = NO;
				CLANG_ANALYZER_NONNULL = YES;
				CLANG_ANALYZER_NUMBER_OBJECT_CONVERSION = YES_AGGRESSIVE;
				CLANG_CXX_LANGUAGE_STANDARD = "gnu++14";
				CLANG_CXX_LIBRARY = "libc++";
				CLANG_ENABLE_MODULES = YES;
				CLANG_ENABLE_OBJC_ARC = YES;
				CLANG_ENABLE_OBJC_WEAK = YES;
				CLANG_WARN_BLOCK_CAPTURE_AUTORELEASING = YES;
				CLANG_WARN_BOOL_CONVERSION = YES;
				CLANG_WARN_COMMA = YES;
				CLANG_WARN_CONSTANT_CONVERSION = YES;
				CLANG_WARN_DEPRECATED_OBJC_IMPLEMENTATIONS = YES;
				CLANG_WARN_DIRECT_OBJC_ISA_USAGE = YES_ERROR;
				CLANG_WARN_DOCUMENTATION_COMMENTS = YES;
				CLANG_WARN_EMPTY_BODY = YES;
				CLANG_WARN_ENUM_CONVERSION = YES;
				CLANG_WARN_INFINITE_RECURSION = YES;
				CLANG_WARN_INT_CONVERSION = YES;
				CLANG_WARN_NON_LITERAL_NULL_CONVERSION = YES;
				CLANG_WARN_OBJC_IMPLICIT_RETAIN_SELF = YES;
				CLANG_WARN_OBJC_LITERAL_CONVERSION = YES;
				CLANG_WARN_OBJC_ROOT_CLASS = YES_ERROR;
				CLANG_WARN_RANGE_LOOP_ANALYSIS = YES;
				CLANG_WARN_STRICT_PROTOTYPES = YES;
				CLANG_WARN_SUSPICIOUS_MOVE = YES;
				CLANG_WARN_UNGUARDED_AVAILABILITY = YES_AGGRESSIVE;
				CLANG_WARN_UNREACHABLE_CODE = YES;
				CLANG_WARN__DUPLICATE_METHOD_MATCH = YES;
				COPY_PHASE_STRIP = NO;
				DEBUG_INFORMATION_FORMAT = "dwarf-with-dsym";
				ENABLE_NS_ASSERTIONS = NO;
				ENABLE_STRICT_OBJC_MSGSEND = YES;
				GCC_C_LANGUAGE_STANDARD = gnu11;
				GCC_NO_COMMON_BLOCKS = YES;
				GCC_WARN_64_TO_32_BIT_CONVERSION = YES;
				GCC_WARN_ABOUT_RETURN_TYPE = YES_ERROR;
				GCC_WARN_UNDECLARED_SELECTOR = YES;
				GCC_WARN_UNINITIALIZED_AUTOS = YES_AGGRESSIVE;
				GCC_WARN_UNUSED_FUNCTION = YES;
				GCC_WARN_UNUSED_VARIABLE = YES;
				IPHONEOS_DEPLOYMENT_TARGET = 13.4;
				MTL_ENABLE_DEBUG_INFO = NO;
				MTL_FAST_MATH = YES;
				SDKROOT = iphoneos;
				VALIDATE_PRODUCT = YES;
			};
			name = Release;
		};
		29EEEB13246483DB00A9B5C6 /* Debug */ = {
			isa = XCBuildConfiguration;
			buildSettings = {
				ASSETCATALOG_COMPILER_APPICON_NAME = AppIcon;
				CLANG_ENABLE_MODULES = YES;
				CODE_SIGN_STYLE = Automatic;
				DEVELOPMENT_TEAM = 74FP7YTMHY;
				INFOPLIST_FILE = SmashBrothers/Resources/Info.plist;
				LD_RUNPATH_SEARCH_PATHS = (
					"$(inherited)",
					"@executable_path/Frameworks",
				);
				PRODUCT_BUNDLE_IDENTIFIER = com.leonardo.SmashBrothers;
				PRODUCT_NAME = "$(TARGET_NAME)";
				SWIFT_OBJC_BRIDGING_HEADER = "SmashBrothers/Controllers/View Controller/SmashBrothers-Bridging-Header.h";
				SWIFT_OPTIMIZATION_LEVEL = "-Onone";
				SWIFT_VERSION = 5.0;
				TARGETED_DEVICE_FAMILY = "1,2";
			};
			name = Debug;
		};
		29EEEB14246483DB00A9B5C6 /* Release */ = {
			isa = XCBuildConfiguration;
			buildSettings = {
				ASSETCATALOG_COMPILER_APPICON_NAME = AppIcon;
				CLANG_ENABLE_MODULES = YES;
				CODE_SIGN_STYLE = Automatic;
				DEVELOPMENT_TEAM = 74FP7YTMHY;
				INFOPLIST_FILE = SmashBrothers/Resources/Info.plist;
				LD_RUNPATH_SEARCH_PATHS = (
					"$(inherited)",
					"@executable_path/Frameworks",
				);
				PRODUCT_BUNDLE_IDENTIFIER = com.leonardo.SmashBrothers;
				PRODUCT_NAME = "$(TARGET_NAME)";
				SWIFT_OBJC_BRIDGING_HEADER = "SmashBrothers/Controllers/View Controller/SmashBrothers-Bridging-Header.h";
				SWIFT_VERSION = 5.0;
				TARGETED_DEVICE_FAMILY = "1,2";
			};
			name = Release;
		};
/* End XCBuildConfiguration section */

/* Begin XCConfigurationList section */
		29EEEAF4246483D900A9B5C6 /* Build configuration list for PBXProject "SmashBrothers" */ = {
			isa = XCConfigurationList;
			buildConfigurations = (
				29EEEB10246483DB00A9B5C6 /* Debug */,
				29EEEB11246483DB00A9B5C6 /* Release */,
			);
			defaultConfigurationIsVisible = 0;
			defaultConfigurationName = Release;
		};
		29EEEB12246483DB00A9B5C6 /* Build configuration list for PBXNativeTarget "SmashBrothers" */ = {
			isa = XCConfigurationList;
			buildConfigurations = (
				29EEEB13246483DB00A9B5C6 /* Debug */,
				29EEEB14246483DB00A9B5C6 /* Release */,
			);
			defaultConfigurationIsVisible = 0;
			defaultConfigurationName = Release;
		};
/* End XCConfigurationList section */
	};
	rootObject = 29EEEAF1246483D900A9B5C6 /* Project object */;
}
